{
    "name": "l1",
    "version": "1.0.0",
    "lockfileVersion": 3,
    "requires": true,
    "packages": {
        "": {
            "name": "l1",
            "version": "1.0.0",
            "license": "ISC",
            "dependencies": {
                "zod": "^4.1.13"
            }
        },
        "node_modules/zod": {
            "version": "4.1.13",
            "resolved": "https://registry.npmjs.org/zod/-/zod-4.1.13.tgz",
            "integrity": "sha512-AvvthqfqrAhNH9dnfmrfKzX5upOdjUVJYFqNSlkmGf64gRaTzlPwz99IHYnVs28qYAybvAlBV+H7pn0saFY4Ig==",
            "license": "MIT",
            "funding": {
                "url": "https://github.com/sponsors/colinhacks"
            }
        }
    }
}
